
Microsoft Visual Studio Solution File, Format Version 12.00
# Visual Studio Version 17
VisualStudioVersion = 17.6.33723.286
MinimumVisualStudioVersion = 10.0.40219.1
Project("{FAE04EC0-301F-11D3-BF4B-00C04F79EFBC}") = "databasedemo", "databasedemo\databasedemo.csproj", "{77A53191-BDBF-4D9B-935D-8C82FA2308C6}"
EndProject
Global
	GlobalSection(SolutionConfigurationPlatforms) = preSolution
		Debug|Any CPU = Debug|Any CPU
		Release|Any CPU = Release|Any CPU
	EndGlobalSection
	GlobalSection(ProjectConfigurationPlatforms) = postSolution
		{77A53191-BDBF-4D9B-935D-8C82FA2308C6}.Debug|Any CPU.ActiveCfg = Debug|Any CPU
		{77A53191-BDBF-4D9B-935D-8C82FA2308C6}.Debug|Any CPU.Build.0 = Debug|Any CPU
		{77A53191-BDBF-4D9B-935D-8C82FA2308C6}.Release|Any CPU.ActiveCfg = Release|Any CPU
		{77A53191-BDBF-4D9B-935D-8C82FA2308C6}.Release|Any CPU.Build.0 = Release|Any CPU
	EndGlobalSection
	GlobalSection(SolutionProperties) = preSolution
		HideSolutionNode = FALSE
	EndGlobalSection
	GlobalSection(ExtensibilityGlobals) = postSolution
		SolutionGuid = {05DDDE8D-8EA4-423C-A4BD-E7AB03E18B52}
	EndGlobalSection
EndGlobal
